Microsoft Visual Studio Solution File, Format Version 12.00
# Visual Studio 2012
Project("{FAE04EC0-301F-11D3-BF4B-00C04F79EFBC}") = "Space-sumo", "Space-sumo.csproj", "{2C5BEF10-2B0A-437E-8FE0-62D934CEDCDC}"
EndProject
Global
	GlobalSection(SolutionConfigurationPlatforms) = preSolution
	Debug|Any CPU = Debug|Any CPU
	ExportDebug|Any CPU = ExportDebug|Any CPU
	ExportRelease|Any CPU = ExportRelease|Any CPU
	EndGlobalSection
	GlobalSection(ProjectConfigurationPlatforms) = postSolution
		{2C5BEF10-2B0A-437E-8FE0-62D934CEDCDC}.Debug|Any CPU.ActiveCfg = Debug|Any CPU
		{2C5BEF10-2B0A-437E-8FE0-62D934CEDCDC}.Debug|Any CPU.Build.0 = Debug|Any CPU
		{2C5BEF10-2B0A-437E-8FE0-62D934CEDCDC}.ExportDebug|Any CPU.ActiveCfg = ExportDebug|Any CPU
		{2C5BEF10-2B0A-437E-8FE0-62D934CEDCDC}.ExportDebug|Any CPU.Build.0 = ExportDebug|Any CPU
		{2C5BEF10-2B0A-437E-8FE0-62D934CEDCDC}.ExportRelease|Any CPU.ActiveCfg = ExportRelease|Any CPU
		{2C5BEF10-2B0A-437E-8FE0-62D934CEDCDC}.ExportRelease|Any CPU.Build.0 = ExportRelease|Any CPU
	EndGlobalSection
EndGlobal
